
Microsoft Visual Studio Solution File, Format Version 12.00
# Visual Studio 2013
VisualStudioVersion = 12.0.31101.0
MinimumVisualStudioVersion = 10.0.40219.1
Project("{FAE04EC0-301F-11D3-BF4B-00C04F79EFBC}") = "WebSite", "WebSite\WebSite.csproj", "{21A5D920-19A0-4F41-A721-AEC83C5DE449}"
EndProject
Project("{FAE04EC0-301F-11D3-BF4B-00C04F79EFBC}") = "TL", "TL\TL.csproj", "{B1F5C338-486A-428B-893C-01F84F3D9782}"
EndProject
Project("{FAE04EC0-301F-11D3-BF4B-00C04F79EFBC}") = "BL", "BL\BL.csproj", "{7FD1A422-5FCD-4A41-B474-50A30EF87272}"
EndProject
Project("{FAE04EC0-301F-11D3-BF4B-00C04F79EFBC}") = "DL", "DL\DL.csproj", "{49C23E77-6D16-40DE-9A59-EBD86F84FD5E}"
EndProject
Global
	GlobalSection(SolutionConfigurationPlatforms) = preSolution
		Debug|Any CPU = Debug|Any CPU
		Release|Any CPU = Release|Any CPU
	EndGlobalSection
	GlobalSection(ProjectConfigurationPlatforms) = postSolution
		{21A5D920-19A0-4F41-A721-AEC83C5DE449}.Debug|Any CPU.ActiveCfg = Debug|Any CPU
		{21A5D920-19A0-4F41-A721-AEC83C5DE449}.Debug|Any CPU.Build.0 = Debug|Any CPU
		{21A5D920-19A0-4F41-A721-AEC83C5DE449}.Release|Any CPU.ActiveCfg = Release|Any CPU
		{21A5D920-19A0-4F41-A721-AEC83C5DE449}.Release|Any CPU.Build.0 = Release|Any CPU
		{B1F5C338-486A-428B-893C-01F84F3D9782}.Debug|Any CPU.ActiveCfg = Debug|Any CPU
		{B1F5C338-486A-428B-893C-01F84F3D9782}.Debug|Any CPU.Build.0 = Debug|Any CPU
		{B1F5C338-486A-428B-893C-01F84F3D9782}.Release|Any CPU.ActiveCfg = Release|Any CPU
		{B1F5C338-486A-428B-893C-01F84F3D9782}.Release|Any CPU.Build.0 = Release|Any CPU
		{7FD1A422-5FCD-4A41-B474-50A30EF87272}.Debug|Any CPU.ActiveCfg = Debug|Any CPU
		{7FD1A422-5FCD-4A41-B474-50A30EF87272}.Debug|Any CPU.Build.0 = Debug|Any CPU
		{7FD1A422-5FCD-4A41-B474-50A30EF87272}.Release|Any CPU.ActiveCfg = Release|Any CPU
		{7FD1A422-5FCD-4A41-B474-50A30EF87272}.Release|Any CPU.Build.0 = Release|Any CPU
		{49C23E77-6D16-40DE-9A59-EBD86F84FD5E}.Debug|Any CPU.ActiveCfg = Debug|Any CPU
		{49C23E77-6D16-40DE-9A59-EBD86F84FD5E}.Debug|Any CPU.Build.0 = Debug|Any CPU
		{49C23E77-6D16-40DE-9A59-EBD86F84FD5E}.Release|Any CPU.ActiveCfg = Release|Any CPU
		{49C23E77-6D16-40DE-9A59-EBD86F84FD5E}.Release|Any CPU.Build.0 = Release|Any CPU
	EndGlobalSection
	GlobalSection(SolutionProperties) = preSolution
		HideSolutionNode = FALSE
	EndGlobalSection
EndGlobal
